
Microsoft Visual Studio Solution File, Format Version 12.00
# Visual Studio Version 17
VisualStudioVersion = 17.0.31903.59
MinimumVisualStudioVersion = 10.0.40219.1
Project("{FAE04EC0-301F-11D3-BF4B-00C04F79EFBC}") = "ModExam", "ModExam.csproj", "{D0ED25AF-98DF-46ED-837D-CCBA43035D03}"
EndProject
Project("{FAE04EC0-301F-11D3-BF4B-00C04F79EFBC}") = "WSDiscount", "WSDiscount\WSDiscount.csproj", "{FFFE537D-55BD-4540-8735-C3D9DD203BFF}"
EndProject
Project("{FAE04EC0-301F-11D3-BF4B-00C04F79EFBC}") = "UnitTestPrBooks", "UnitTestPrBooks\UnitTestPrBooks.csproj", "{EF8568D4-BC40-4F03-9989-42248663D77E}"
EndProject
Global
	GlobalSection(SolutionConfigurationPlatforms) = preSolution
		Debug|Any CPU = Debug|Any CPU
		Release|Any CPU = Release|Any CPU
	EndGlobalSection
	GlobalSection(ProjectConfigurationPlatforms) = postSolution
		{D0ED25AF-98DF-46ED-837D-CCBA43035D03}.Debug|Any CPU.ActiveCfg = Debug|Any CPU
		{D0ED25AF-98DF-46ED-837D-CCBA43035D03}.Debug|Any CPU.Build.0 = Debug|Any CPU
		{D0ED25AF-98DF-46ED-837D-CCBA43035D03}.Release|Any CPU.ActiveCfg = Release|Any CPU
		{D0ED25AF-98DF-46ED-837D-CCBA43035D03}.Release|Any CPU.Build.0 = Release|Any CPU
		{FFFE537D-55BD-4540-8735-C3D9DD203BFF}.Debug|Any CPU.ActiveCfg = Debug|Any CPU
		{FFFE537D-55BD-4540-8735-C3D9DD203BFF}.Debug|Any CPU.Build.0 = Debug|Any CPU
		{FFFE537D-55BD-4540-8735-C3D9DD203BFF}.Release|Any CPU.ActiveCfg = Release|Any CPU
		{FFFE537D-55BD-4540-8735-C3D9DD203BFF}.Release|Any CPU.Build.0 = Release|Any CPU
		{EF8568D4-BC40-4F03-9989-42248663D77E}.Debug|Any CPU.ActiveCfg = Debug|Any CPU
		{EF8568D4-BC40-4F03-9989-42248663D77E}.Debug|Any CPU.Build.0 = Debug|Any CPU
		{EF8568D4-BC40-4F03-9989-42248663D77E}.Release|Any CPU.ActiveCfg = Release|Any CPU
		{EF8568D4-BC40-4F03-9989-42248663D77E}.Release|Any CPU.Build.0 = Release|Any CPU
	EndGlobalSection
	GlobalSection(SolutionProperties) = preSolution
		HideSolutionNode = FALSE
	EndGlobalSection
	GlobalSection(ExtensibilityGlobals) = postSolution
		SolutionGuid = {19C3E903-66ED-418B-B072-95BA82533422}
	EndGlobalSection
EndGlobal
